{
  "name": "open-model-runner",
  "version": "0.1.0",
  "lockfileVersion": 3,
  "requires": true,
  "packages": {
    "": {
      "name": "open-model-runner",
      "version": "0.1.0",
      "bin": {
        "modelctl": "bin/modelctl.js",
        "modelctl-mcp": "bin/modelctl-mcp.js"
      },
      "engines": {
        "node": ">=20"
      }
    }
  }
}
